// !$*UTF8*$!
{
	archiveVersion = 1;
	classes = {
	};
	objectVersion = 55;
	objects = {

/* Begin PBXBuildFile section */
		30450E66278E08F400EEB338 /* ViewModelBase.swift in Sources */ = {isa = PBXBuildFile; fileRef = 30450E65278E08F400EEB338 /* ViewModelBase.swift */; };
		30902B882789F2F800E29640 /* StoryDetailView.swift in Sources */ = {isa = PBXBuildFile; fileRef = 30902B872789F2F800E29640 /* StoryDetailView.swift */; };
		30902B8C278C839200E29640 /* Webview.swift in Sources */ = {isa = PBXBuildFile; fileRef = 30902B8B278C839200E29640 /* Webview.swift */; };
		30902B8E278CB94200E29640 /* WKWebView+Extensions.swift in Sources */ = {isa = PBXBuildFile; fileRef = 30902B8D278CB94100E29640 /* WKWebView+Extensions.swift */; };
		30BF2E3F2787420700D6A6FE /* HackerNewsApp.swift in Sources */ = {isa = PBXBuildFile; fileRef = 30BF2E3E2787420700D6A6FE /* HackerNewsApp.swift */; };
		30BF2E432787420B00D6A6FE /* Assets.xcassets in Resources */ = {isa = PBXBuildFile; fileRef = 30BF2E422787420B00D6A6FE /* Assets.xcassets */; };
		30BF2E462787420B00D6A6FE /* Preview Assets.xcassets in Resources */ = {isa = PBXBuildFile; fileRef = 30BF2E452787420B00D6A6FE /* Preview Assets.xcassets */; };
		30BF2E4E2787427900D6A6FE /* WebService.swift in Sources */ = {isa = PBXBuildFile; fileRef = 30BF2E4D2787427900D6A6FE /* WebService.swift */; };
		30BF2E5127878E5100D6A6FE /* Constants.swift in Sources */ = {isa = PBXBuildFile; fileRef = 30BF2E5027878E5100D6A6FE /* Constants.swift */; };
		30BF2E5427878EA100D6A6FE /* URL+Extension .swift in Sources */ = {isa = PBXBuildFile; fileRef = 30BF2E5327878EA100D6A6FE /* URL+Extension .swift */; };
		30BF2E572787920900D6A6FE /* StoryListViewModel.swift in Sources */ = {isa = PBXBuildFile; fileRef = 30BF2E562787920900D6A6FE /* StoryListViewModel.swift */; };
		30BF2E5A2788864100D6A6FE /* StoryListView.swift in Sources */ = {isa = PBXBuildFile; fileRef = 30BF2E592788864100D6A6FE /* StoryListView.swift */; };
		30BF2E5D2788A0A700D6A6FE /* Story.swift in Sources */ = {isa = PBXBuildFile; fileRef = 30BF2E5C2788A0A700D6A6FE /* Story.swift */; };
		30BF2E5F2788B99400D6A6FE /* StoryDetailViewModel.swift in Sources */ = {isa = PBXBuildFile; fileRef = 30BF2E5E2788B99400D6A6FE /* StoryDetailViewModel.swift */; };
		30BF2E612788C7B000D6A6FE /* View+Extension.swift in Sources */ = {isa = PBXBuildFile; fileRef = 30BF2E602788C7B000D6A6FE /* View+Extension.swift */; };
/* End PBXBuildFile section */

/* Begin PBXFileReference section */
		30450E65278E08F400EEB338 /* ViewModelBase.swift */ = {isa = PBXFileReference; fileEncoding = 4; lastKnownFileType = sourcecode.swift; path = ViewModelBase.swift; sourceTree = "<group>"; };
		30902B872789F2F800E29640 /* StoryDetailView.swift */ = {isa = PBXFileReference; lastKnownFileType = sourcecode.swift; path = StoryDetailView.swift; sourceTree = "<group>"; };
		30902B8B278C839200E29640 /* Webview.swift */ = {isa = PBXFileReference; lastKnownFileType = sourcecode.swift; path = Webview.swift; sourceTree = "<group>"; };
		30902B8D278CB94100E29640 /* WKWebView+Extensions.swift */ = {isa = PBXFileReference; lastKnownFileType = sourcecode.swift; path = "WKWebView+Extensions.swift"; sourceTree = "<group>"; };
		30BF2E3B2787420700D6A6FE /* HackerNews.app */ = {isa = PBXFileReference; explicitFileType = wrapper.application; includeInIndex = 0; path = HackerNews.app; sourceTree = BUILT_PRODUCTS_DIR; };
		30BF2E3E2787420700D6A6FE /* HackerNewsApp.swift */ = {isa = PBXFileReference; lastKnownFileType = sourcecode.swift; path = HackerNewsApp.swift; sourceTree = "<group>"; };
		30BF2E422787420B00D6A6FE /* Assets.xcassets */ = {isa = PBXFileReference; lastKnownFileType = folder.assetcatalog; path = Assets.xcassets; sourceTree = "<group>"; };
		30BF2E452787420B00D6A6FE /* Preview Assets.xcassets */ = {isa = PBXFileReference; lastKnownFileType = folder.assetcatalog; path = "Preview Assets.xcassets"; sourceTree = "<group>"; };
		30BF2E4D2787427900D6A6FE /* WebService.swift */ = {isa = PBXFileReference; lastKnownFileType = sourcecode.swift; path = WebService.swift; sourceTree = "<group>"; };
		30BF2E5027878E5100D6A6FE /* Constants.swift */ = {isa = PBXFileReference; lastKnownFileType = sourcecode.swift; path = Constants.swift; sourceTree = "<group>"; };
		30BF2E5327878EA100D6A6FE /* URL+Extension .swift */ = {isa = PBXFileReference; lastKnownFileType = sourcecode.swift; path = "URL+Extension .swift"; sourceTree = "<group>"; };
		30BF2E562787920900D6A6FE /* StoryListViewModel.swift */ = {isa = PBXFileReference; lastKnownFileType = sourcecode.swift; path = StoryListViewModel.swift; sourceTree = "<group>"; };
		30BF2E592788864100D6A6FE /* StoryListView.swift */ = {isa = PBXFileReference; lastKnownFileType = sourcecode.swift; path = StoryListView.swift; sourceTree = "<group>"; };
		30BF2E5C2788A0A700D6A6FE /* Story.swift */ = {isa = PBXFileReference; lastKnownFileType = sourcecode.swift; path = Story.swift; sourceTree = "<group>"; };
		30BF2E5E2788B99400D6A6FE /* StoryDetailViewModel.swift */ = {isa = PBXFileReference; lastKnownFileType = sourcecode.swift; path = StoryDetailViewModel.swift; sourceTree = "<group>"; };
		30BF2E602788C7B000D6A6FE /* View+Extension.swift */ = {isa = PBXFileReference; lastKnownFileType = sourcecode.swift; path = "View+Extension.swift"; sourceTree = "<group>"; };
/* End PBXFileReference section */

/* Begin PBXFrameworksBuildPhase section */
		30BF2E382787420700D6A6FE /* Frameworks */ = {
			isa = PBXFrameworksBuildPhase;
			buildActionMask = 2147483647;
			files = (
			);
			runOnlyForDeploymentPostprocessing = 0;
		};
/* End PBXFrameworksBuildPhase section */

/* Begin PBXGroup section */
		30BF2E322787420700D6A6FE = {
			isa = PBXGroup;
			children = (
				30BF2E3D2787420700D6A6FE /* HackerNews */,
				30BF2E3C2787420700D6A6FE /* Products */,
			);
			sourceTree = "<group>";
		};
		30BF2E3C2787420700D6A6FE /* Products */ = {
			isa = PBXGroup;
			children = (
				30BF2E3B2787420700D6A6FE /* HackerNews.app */,
			);
			name = Products;
			sourceTree = "<group>";
		};
		30BF2E3D2787420700D6A6FE /* HackerNews */ = {
			isa = PBXGroup;
			children = (
				30BF2E5B2788A08B00D6A6FE /* Models */,
				30BF2E58278885FE00D6A6FE /* Views */,
				30BF2E55278791C600D6A6FE /* View Models */,
				30BF2E5227878E5E00D6A6FE /* Extensions */,
				30BF2E4F27878DD000D6A6FE /* Utils */,
				30BF2E4C2787422600D6A6FE /* Services */,
				30BF2E3E2787420700D6A6FE /* HackerNewsApp.swift */,
				30BF2E422787420B00D6A6FE /* Assets.xcassets */,
				30BF2E442787420B00D6A6FE /* Preview Content */,
			);
			path = HackerNews;
			sourceTree = "<group>";
		};
		30BF2E442787420B00D6A6FE /* Preview Content */ = {
			isa = PBXGroup;
			children = (
				30BF2E452787420B00D6A6FE /* Preview Assets.xcassets */,
			);
			path = "Preview Content";
			sourceTree = "<group>";
		};
		30BF2E4C2787422600D6A6FE /* Services */ = {
			isa = PBXGroup;
			children = (
				30BF2E4D2787427900D6A6FE /* WebService.swift */,
			);
			path = Services;
			sourceTree = "<group>";
		};
		30BF2E4F27878DD000D6A6FE /* Utils */ = {
			isa = PBXGroup;
			children = (
				30BF2E5027878E5100D6A6FE /* Constants.swift */,
			);
			path = Utils;
			sourceTree = "<group>";
		};
		30BF2E5227878E5E00D6A6FE /* Extensions */ = {
			isa = PBXGroup;
			children = (
				30BF2E5327878EA100D6A6FE /* URL+Extension .swift */,
				30BF2E602788C7B000D6A6FE /* View+Extension.swift */,
				30902B8D278CB94100E29640 /* WKWebView+Extensions.swift */,
			);
			path = Extensions;
			sourceTree = "<group>";
		};
		30BF2E55278791C600D6A6FE /* View Models */ = {
			isa = PBXGroup;
			children = (
				30BF2E562787920900D6A6FE /* StoryListViewModel.swift */,
				30BF2E5E2788B99400D6A6FE /* StoryDetailViewModel.swift */,
				30450E65278E08F400EEB338 /* ViewModelBase.swift */,
			);
			path = "View Models";
			sourceTree = "<group>";
		};
		30BF2E58278885FE00D6A6FE /* Views */ = {
			isa = PBXGroup;
			children = (
				30BF2E592788864100D6A6FE /* StoryListView.swift */,
				30902B872789F2F800E29640 /* StoryDetailView.swift */,
				30902B8B278C839200E29640 /* Webview.swift */,
			);
			path = Views;
			sourceTree = "<group>";
		};
		30BF2E5B2788A08B00D6A6FE /* Models */ = {
			isa = PBXGroup;
			children = (
				30BF2E5C2788A0A700D6A6FE /* Story.swift */,
			);
			path = Models;
			sourceTree = "<group>";
		};
/* End PBXGroup section */

/* Begin PBXNativeTarget section */
		30BF2E3A2787420700D6A6FE /* HackerNews */ = {
			isa = PBXNativeTarget;
			buildConfigurationList = 30BF2E492787420B00D6A6FE /* Build configuration list for PBXNativeTarget "HackerNews" */;
			buildPhases = (
				30BF2E372787420700D6A6FE /* Sources */,
				30BF2E382787420700D6A6FE /* Frameworks */,
				30BF2E392787420700D6A6FE /* Resources */,
			);
			buildRules = (
			);
			dependencies = (
			);
			name = HackerNews;
			productName = HackerNews;
			productReference = 30BF2E3B2787420700D6A6FE /* HackerNews.app */;
			productType = "com.apple.product-type.application";
		};
/* End PBXNativeTarget section */

/* Begin PBXProject section */
		30BF2E332787420700D6A6FE /* Project object */ = {
			isa = PBXProject;
			attributes = {
				BuildIndependentTargetsInParallel = 1;
				LastSwiftUpdateCheck = 1300;
				LastUpgradeCheck = 1300;
				TargetAttributes = {
					30BF2E3A2787420700D6A6FE = {
						CreatedOnToolsVersion = 13.0;
					};
				};
			};
			buildConfigurationList = 30BF2E362787420700D6A6FE /* Build configuration list for PBXProject "HackerNews" */;
			compatibilityVersion = "Xcode 13.0";
			developmentRegion = en;
			hasScannedForEncodings = 0;
			knownRegions = (
				en,
				Base,
			);
			mainGroup = 30BF2E322787420700D6A6FE;
			productRefGroup = 30BF2E3C2787420700D6A6FE /* Products */;
			projectDirPath = "";
			projectRoot = "";
			targets = (
				30BF2E3A2787420700D6A6FE /* HackerNews */,
			);
		};
/* End PBXProject section */

/* Begin PBXResourcesBuildPhase section */
		30BF2E392787420700D6A6FE /* Resources */ = {
			isa = PBXResourcesBuildPhase;
			buildActionMask = 2147483647;
			files = (
				30BF2E462787420B00D6A6FE /* Preview Assets.xcassets in Resources */,
				30BF2E432787420B00D6A6FE /* Assets.xcassets in Resources */,
			);
			runOnlyForDeploymentPostprocessing = 0;
		};
/* End PBXResourcesBuildPhase section */

/* Begin PBXSourcesBuildPhase section */
		30BF2E372787420700D6A6FE /* Sources */ = {
			isa = PBXSourcesBuildPhase;
			buildActionMask = 2147483647;
			files = (
				30BF2E5D2788A0A700D6A6FE /* Story.swift in Sources */,
				30BF2E4E2787427900D6A6FE /* WebService.swift in Sources */,
				30450E66278E08F400EEB338 /* ViewModelBase.swift in Sources */,
				30902B8C278C839200E29640 /* Webview.swift in Sources */,
				30BF2E5A2788864100D6A6FE /* StoryListView.swift in Sources */,
				30BF2E3F2787420700D6A6FE /* HackerNewsApp.swift in Sources */,
				30BF2E5427878EA100D6A6FE /* URL+Extension .swift in Sources */,
				30902B882789F2F800E29640 /* StoryDetailView.swift in Sources */,
				30BF2E5F2788B99400D6A6FE /* StoryDetailViewModel.swift in Sources */,
				30BF2E572787920900D6A6FE /* StoryListViewModel.swift in Sources */,
				30BF2E612788C7B000D6A6FE /* View+Extension.swift in Sources */,
				30BF2E5127878E5100D6A6FE /* Constants.swift in Sources */,
				30902B8E278CB94200E29640 /* WKWebView+Extensions.swift in Sources */,
			);
			runOnlyForDeploymentPostprocessing = 0;
		};
/* End PBXSourcesBuildPhase section */

/* Begin XCBuildConfiguration section */
		30BF2E472787420B00D6A6FE /* Debug */ = {
			isa = XCBuildConfiguration;
			buildSettings = {
				ALWAYS_SEARCH_USER_PATHS = NO;
				CLANG_ANALYZER_NONNULL = YES;
				CLANG_ANALYZER_NUMBER_OBJECT_CONVERSION = YES_AGGRESSIVE;
				CLANG_CXX_LANGUAGE_STANDARD = "gnu++17";
				CLANG_CXX_LIBRARY = "libc++";
				CLANG_ENABLE_MODULES = YES;
				CLANG_ENABLE_OBJC_ARC = YES;
				CLANG_ENABLE_OBJC_WEAK = YES;
				CLANG_WARN_BLOCK_CAPTURE_AUTORELEASING = YES;
				CLANG_WARN_BOOL_CONVERSION = YES;
				CLANG_WARN_COMMA = YES;
				CLANG_WARN_CONSTANT_CONVERSION = YES;
				CLANG_WARN_DEPRECATED_OBJC_IMPLEMENTATIONS = YES;
				CLANG_WARN_DIRECT_OBJC_ISA_USAGE = YES_ERROR;
				CLANG_WARN_DOCUMENTATION_COMMENTS = YES;
				CLANG_WARN_EMPTY_BODY = YES;
				CLANG_WARN_ENUM_CONVERSION = YES;
				CLANG_WARN_INFINITE_RECURSION = YES;
				CLANG_WARN_INT_CONVERSION = YES;
				CLANG_WARN_NON_LITERAL_NULL_CONVERSION = YES;
				CLANG_WARN_OBJC_IMPLICIT_RETAIN_SELF = YES;
				CLANG_WARN_OBJC_LITERAL_CONVERSION = YES;
				CLANG_WARN_OBJC_ROOT_CLASS = YES_ERROR;
				CLANG_WARN_QUOTED_INCLUDE_IN_FRAMEWORK_HEADER = YES;
				CLANG_WARN_RANGE_LOOP_ANALYSIS = YES;
				CLANG_WARN_STRICT_PROTOTYPES = YES;
				CLANG_WARN_SUSPICIOUS_MOVE = YES;
				CLANG_WARN_UNGUARDED_AVAILABILITY = YES_AGGRESSIVE;
				CLANG_WARN_UNREACHABLE_CODE = YES;
				CLANG_WARN__DUPLICATE_METHOD_MATCH = YES;
				COPY_PHASE_STRIP = NO;
				DEBUG_INFORMATION_FORMAT = dwarf;
				ENABLE_STRICT_OBJC_MSGSEND = YES;
				ENABLE_TESTABILITY = YES;
				GCC_C_LANGUAGE_STANDARD = gnu11;
				GCC_DYNAMIC_NO_PIC = NO;
				GCC_NO_COMMON_BLOCKS = YES;
				GCC_OPTIMIZATION_LEVEL = 0;
				GCC_PREPROCESSOR_DEFINITIONS = (
					"DEBUG=1",
					"$(inherited)",
				);
				GCC_WARN_64_TO_32_BIT_CONVERSION = YES;
				GCC_WARN_ABOUT_RETURN_TYPE = YES_ERROR;
				GCC_WARN_UNDECLARED_SELECTOR = YES;
				GCC_WARN_UNINITIALIZED_AUTOS = YES_AGGRESSIVE;
				GCC_WARN_UNUSED_FUNCTION = YES;
				GCC_WARN_UNUSED_VARIABLE = YES;
				IPHONEOS_DEPLOYMENT_TARGET = 15.0;
				MTL_ENABLE_DEBUG_INFO = INCLUDE_SOURCE;
				MTL_FAST_MATH = YES;
				ONLY_ACTIVE_ARCH = YES;
				SDKROOT = iphoneos;
				SWIFT_ACTIVE_COMPILATION_CONDITIONS = DEBUG;
				SWIFT_OPTIMIZATION_LEVEL = "-Onone";
			};
			name = Debug;
		};
		30BF2E482787420B00D6A6FE /* Release */ = {
			isa = XCBuildConfiguration;
			buildSettings = {
				ALWAYS_SEARCH_USER_PATHS = NO;
				CLANG_ANALYZER_NONNULL = YES;
				CLANG_ANALYZER_NUMBER_OBJECT_CONVERSION = YES_AGGRESSIVE;
				CLANG_CXX_LANGUAGE_STANDARD = "gnu++17";
				CLANG_CXX_LIBRARY = "libc++";
				CLANG_ENABLE_MODULES = YES;
				CLANG_ENABLE_OBJC_ARC = YES;
				CLANG_ENABLE_OBJC_WEAK = YES;
				CLANG_WARN_BLOCK_CAPTURE_AUTORELEASING = YES;
				CLANG_WARN_BOOL_CONVERSION = YES;
				CLANG_WARN_COMMA = YES;
				CLANG_WARN_CONSTANT_CONVERSION = YES;
				CLANG_WARN_DEPRECATED_OBJC_IMPLEMENTATIONS = YES;
				CLANG_WARN_DIRECT_OBJC_ISA_USAGE = YES_ERROR;
				CLANG_WARN_DOCUMENTATION_COMMENTS = YES;
				CLANG_WARN_EMPTY_BODY = YES;
				CLANG_WARN_ENUM_CONVERSION = YES;
				CLANG_WARN_INFINITE_RECURSION = YES;
				CLANG_WARN_INT_CONVERSION = YES;
				CLANG_WARN_NON_LITERAL_NULL_CONVERSION = YES;
				CLANG_WARN_OBJC_IMPLICIT_RETAIN_SELF = YES;
				CLANG_WARN_OBJC_LITERAL_CONVERSION = YES;
				CLANG_WARN_OBJC_ROOT_CLASS = YES_ERROR;
				CLANG_WARN_QUOTED_INCLUDE_IN_FRAMEWORK_HEADER = YES;
				CLANG_WARN_RANGE_LOOP_ANALYSIS = YES;
				CLANG_WARN_STRICT_PROTOTYPES = YES;
				CLANG_WARN_SUSPICIOUS_MOVE = YES;
				CLANG_WARN_UNGUARDED_AVAILABILITY = YES_AGGRESSIVE;
				CLANG_WARN_UNREACHABLE_CODE = YES;
				CLANG_WARN__DUPLICATE_METHOD_MATCH = YES;
				COPY_PHASE_STRIP = NO;
				DEBUG_INFORMATION_FORMAT = "dwarf-with-dsym";
				ENABLE_NS_ASSERTIONS = NO;
				ENABLE_STRICT_OBJC_MSGSEND = YES;
				GCC_C_LANGUAGE_STANDARD = gnu11;
				GCC_NO_COMMON_BLOCKS = YES;
				GCC_WARN_64_TO_32_BIT_CONVERSION = YES;
				GCC_WARN_ABOUT_RETURN_TYPE = YES_ERROR;
				GCC_WARN_UNDECLARED_SELECTOR = YES;
				GCC_WARN_UNINITIALIZED_AUTOS = YES_AGGRESSIVE;
				GCC_WARN_UNUSED_FUNCTION = YES;
				GCC_WARN_UNUSED_VARIABLE = YES;
				IPHONEOS_DEPLOYMENT_TARGET = 15.0;
				MTL_ENABLE_DEBUG_INFO = NO;
				MTL_FAST_MATH = YES;
				SDKROOT = iphoneos;
				SWIFT_COMPILATION_MODE = wholemodule;
				SWIFT_OPTIMIZATION_LEVEL = "-O";
				VALIDATE_PRODUCT = YES;
			};
			name = Release;
		};
		30BF2E4A2787420B00D6A6FE /* Debug */ = {
			isa = XCBuildConfiguration;
			buildSettings = {
				ASSETCATALOG_COMPILER_APPICON_NAME = AppIcon;
				ASSETCATALOG_COMPILER_GLOBAL_ACCENT_COLOR_NAME = AccentColor;
				CODE_SIGN_STYLE = Automatic;
				CURRENT_PROJECT_VERSION = 1;
				DEVELOPMENT_ASSET_PATHS = "\"HackerNews/Preview Content\"";
				DEVELOPMENT_TEAM = GR5E89RNHJ;
				ENABLE_PREVIEWS = YES;
				GENERATE_INFOPLIST_FILE = YES;
				INFOPLIST_KEY_UIApplicationSceneManifest_Generation = YES;
				INFOPLIST_KEY_UIApplicationSupportsIndirectInputEvents = YES;
				INFOPLIST_KEY_UILaunchScreen_Generation = YES;
				INFOPLIST_KEY_UISupportedInterfaceOrientations_iPad = "UIInterfaceOrientationPortrait UIInterfaceOrientationPortraitUpsideDown UIInterfaceOrientationLandscapeLeft UIInterfaceOrientationLandscapeRight";
				INFOPLIST_KEY_UISupportedInterfaceOrientations_iPhone = "UIInterfaceOrientationPortrait UIInterfaceOrientationLandscapeLeft UIInterfaceOrientationLandscapeRight";
				IPHONEOS_DEPLOYMENT_TARGET = 14.0;
				LD_RUNPATH_SEARCH_PATHS = (
					"$(inherited)",
					"@executable_path/Frameworks",
				);
				MARKETING_VERSION = 1.0;
				PRODUCT_BUNDLE_IDENTIFIER = com.alborzi.HackerNews;
				PRODUCT_NAME = "$(TARGET_NAME)";
				SWIFT_EMIT_LOC_STRINGS = YES;
				SWIFT_VERSION = 5.0;
				TARGETED_DEVICE_FAMILY = "1,2";
			};
			name = Debug;
		};
		30BF2E4B2787420B00D6A6FE /* Release */ = {
			isa = XCBuildConfiguration;
			buildSettings = {
				ASSETCATALOG_COMPILER_APPICON_NAME = AppIcon;
				ASSETCATALOG_COMPILER_GLOBAL_ACCENT_COLOR_NAME = AccentColor;
				CODE_SIGN_STYLE = Automatic;
				CURRENT_PROJECT_VERSION = 1;
				DEVELOPMENT_ASSET_PATHS = "\"HackerNews/Preview Content\"";
				DEVELOPMENT_TEAM = GR5E89RNHJ;
				ENABLE_PREVIEWS = YES;
				GENERATE_INFOPLIST_FILE = YES;
				INFOPLIST_KEY_UIApplicationSceneManifest_Generation = YES;
				INFOPLIST_KEY_UIApplicationSupportsIndirectInputEvents = YES;
				INFOPLIST_KEY_UILaunchScreen_Generation = YES;
				INFOPLIST_KEY_UISupportedInterfaceOrientations_iPad = "UIInterfaceOrientationPortrait UIInterfaceOrientationPortraitUpsideDown UIInterfaceOrientationLandscapeLeft UIInterfaceOrientationLandscapeRight";
				INFOPLIST_KEY_UISupportedInterfaceOrientations_iPhone = "UIInterfaceOrientationPortrait UIInterfaceOrientationLandscapeLeft UIInterfaceOrientationLandscapeRight";
				IPHONEOS_DEPLOYMENT_TARGET = 14.0;
				LD_RUNPATH_SEARCH_PATHS = (
					"$(inherited)",
					"@executable_path/Frameworks",
				);
				MARKETING_VERSION = 1.0;
				PRODUCT_BUNDLE_IDENTIFIER = com.alborzi.HackerNews;
				PRODUCT_NAME = "$(TARGET_NAME)";
				SWIFT_EMIT_LOC_STRINGS = YES;
				SWIFT_VERSION = 5.0;
				TARGETED_DEVICE_FAMILY = "1,2";
			};
			name = Release;
		};
/* End XCBuildConfiguration section */

/* Begin XCConfigurationList section */
		30BF2E362787420700D6A6FE /* Build configuration list for PBXProject "HackerNews" */ = {
			isa = XCConfigurationList;
			buildConfigurations = (
				30BF2E472787420B00D6A6FE /* Debug */,
				30BF2E482787420B00D6A6FE /* Release */,
			);
			defaultConfigurationIsVisible = 0;
			defaultConfigurationName = Release;
		};
		30BF2E492787420B00D6A6FE /* Build configuration list for PBXNativeTarget "HackerNews" */ = {
			isa = XCConfigurationList;
			buildConfigurations = (
				30BF2E4A2787420B00D6A6FE /* Debug */,
				30BF2E4B2787420B00D6A6FE /* Release */,
			);
			defaultConfigurationIsVisible = 0;
			defaultConfigurationName = Release;
		};
/* End XCConfigurationList section */
	};
	rootObject = 30BF2E332787420700D6A6FE /* Project object */;
}
